
Microsoft Visual Studio Solution File, Format Version 12.00
# Visual Studio Version 17
VisualStudioVersion = 17.6.33723.286
MinimumVisualStudioVersion = 10.0.40219.1
Project("{FAE04EC0-301F-11D3-BF4B-00C04F79EFBC}") = "RandomIt", "RandomIt\RandomIt.csproj", "{DBBF3B54-9337-4C93-90FA-D689BAE96FF7}"
EndProject
Global
	GlobalSection(SolutionConfigurationPlatforms) = preSolution
		Debug|Any CPU = Debug|Any CPU
		Release|Any CPU = Release|Any CPU
	EndGlobalSection
	GlobalSection(ProjectConfigurationPlatforms) = postSolution
		{DBBF3B54-9337-4C93-90FA-D689BAE96FF7}.Debug|Any CPU.ActiveCfg = Debug|Any CPU
		{DBBF3B54-9337-4C93-90FA-D689BAE96FF7}.Debug|Any CPU.Build.0 = Debug|Any CPU
		{DBBF3B54-9337-4C93-90FA-D689BAE96FF7}.Release|Any CPU.ActiveCfg = Release|Any CPU
		{DBBF3B54-9337-4C93-90FA-D689BAE96FF7}.Release|Any CPU.Build.0 = Release|Any CPU
	EndGlobalSection
	GlobalSection(SolutionProperties) = preSolution
		HideSolutionNode = FALSE
	EndGlobalSection
	GlobalSection(ExtensibilityGlobals) = postSolution
		SolutionGuid = {BD17FAEC-E299-4A0A-B9FB-FD5866E99174}
	EndGlobalSection
EndGlobal
